---
version: 1
pinned_version: v0.0.0+catalog.3536de06c71a
digest: sha256:c513303c38895f361f3917badea4d95f5b612069dc175f05786fc0e45d21290a
profiles:
  - id: os-image
    version: v0.0.0+catalog.3536de06c71a
    digest:
      sha256:a12fad5cad3ba7c779ff9ec7430df26dad2c600fd06a7f1b36dc4612b480e3ce
facets:
  - id: security:high
    version: v0.0.0+catalog.3536de06c71a
    digest:
      sha256:9bd59f0725d472b1516ba74556feada0e3868f4642bc08dd2d67a2cc26e87778
  - id: api:public-contract
    version: v0.0.0+catalog.3536de06c71a
    digest:
      sha256:5ddb1a0912620e0cd8c6cf6185fd5d4cdf01fe042d10caa043356560fe10824b
  - id: docs:seo-portal
    version: v0.0.0+catalog.3536de06c71a
    digest:
      sha256:145722c161ed8e436369d573c2b736fe7f579b8a1e33a85119e3b10268563428
  - id: agent:sandboxed
    version: v0.0.0+catalog.3536de06c71a
    digest:
      sha256:bc87486dea71e54d20549d6054dcf290d3d700e37b304cbdb6d6c1a2def895f2
